
Microsoft Visual Studio Solution File, Format Version 12.00
# Visual Studio Version 17
VisualStudioVersion = 17.8.34511.84
MinimumVisualStudioVersion = 10.0.40219.1
Project("{FAE04EC0-301F-11D3-BF4B-00C04F79EFBC}") = "Pizzeria", "Pizzeria\Pizzeria.csproj", "{19ABB0D4-8B27-4B75-B181-A5946ABBAFDB}"
EndProject
Global
	GlobalSection(SolutionConfigurationPlatforms) = preSolution
		Debug|Any CPU = Debug|Any CPU
		Release|Any CPU = Release|Any CPU
	EndGlobalSection
	GlobalSection(ProjectConfigurationPlatforms) = postSolution
		{19ABB0D4-8B27-4B75-B181-A5946ABBAFDB}.Debug|Any CPU.ActiveCfg = Debug|Any CPU
		{19ABB0D4-8B27-4B75-B181-A5946ABBAFDB}.Debug|Any CPU.Build.0 = Debug|Any CPU
		{19ABB0D4-8B27-4B75-B181-A5946ABBAFDB}.Release|Any CPU.ActiveCfg = Release|Any CPU
		{19ABB0D4-8B27-4B75-B181-A5946ABBAFDB}.Release|Any CPU.Build.0 = Release|Any CPU
	EndGlobalSection
	GlobalSection(SolutionProperties) = preSolution
		HideSolutionNode = FALSE
	EndGlobalSection
	GlobalSection(ExtensibilityGlobals) = postSolution
		SolutionGuid = {D6C36828-B030-4C05-9D2A-B9C235B0BABA}
	EndGlobalSection
EndGlobal
